dependencies:
  esp-nn:
    dependencies: []
    source:
      path: D:\tim\aicam\components\esp-nn
      type: local
    version: 1.1.1
  idf:
    source:
      type: idf
    version: 5.1.6
direct_dependencies:
- espressif/esp-nn
- idf
manifest_hash: 561dd7b7467e6dcfe23b6d8bf10e1c8d8c6d18096310da44ab3847534395cb34
target: esp32s3
version: 2.0.0
